
Microsoft Visual Studio Solution File, Format Version 12.00
# Visual Studio 15
VisualStudioVersion = 15.0.28010.2026
MinimumVisualStudioVersion = 10.0.40219.1
Project("{FAE04EC0-301F-11D3-BF4B-00C04F79EFBC}") = "Ejer1", "Bol4\Ejer1.csproj", "{FC108E73-B47A-478A-BC8C-4249CEFD80ED}"
EndProject
Project("{FAE04EC0-301F-11D3-BF4B-00C04F79EFBC}") = "Ejer2", "Ejer2\Ejer2.csproj", "{A23D1F94-0E94-4B5B-AC2F-A63C0F97C79E}"
EndProject
Project("{FAE04EC0-301F-11D3-BF4B-00C04F79EFBC}") = "Ejer3", "Ejer3\Ejer3.csproj", "{994204C7-2D5E-479E-BFFA-8E64550B4466}"
EndProject
Project("{FAE04EC0-301F-11D3-BF4B-00C04F79EFBC}") = "Ejer5", "Ejer5\Ejer5.csproj", "{B7AF3AC5-2164-45F7-A91E-B45A131B2EDF}"
EndProject
Project("{FAE04EC0-301F-11D3-BF4B-00C04F79EFBC}") = "Ejer4", "Ejer4\Ejer4.csproj", "{4B617F98-D379-4055-B9F1-565E1BC25709}"
EndProject
Global
	GlobalSection(SolutionConfigurationPlatforms) = preSolution
		Debug|Any CPU = Debug|Any CPU
		Release|Any CPU = Release|Any CPU
	EndGlobalSection
	GlobalSection(ProjectConfigurationPlatforms) = postSolution
		{FC108E73-B47A-478A-BC8C-4249CEFD80ED}.Debug|Any CPU.ActiveCfg = Debug|Any CPU
		{FC108E73-B47A-478A-BC8C-4249CEFD80ED}.Debug|Any CPU.Build.0 = Debug|Any CPU
		{FC108E73-B47A-478A-BC8C-4249CEFD80ED}.Release|Any CPU.ActiveCfg = Release|Any CPU
		{FC108E73-B47A-478A-BC8C-4249CEFD80ED}.Release|Any CPU.Build.0 = Release|Any CPU
		{A23D1F94-0E94-4B5B-AC2F-A63C0F97C79E}.Debug|Any CPU.ActiveCfg = Debug|Any CPU
		{A23D1F94-0E94-4B5B-AC2F-A63C0F97C79E}.Debug|Any CPU.Build.0 = Debug|Any CPU
		{A23D1F94-0E94-4B5B-AC2F-A63C0F97C79E}.Release|Any CPU.ActiveCfg = Release|Any CPU
		{A23D1F94-0E94-4B5B-AC2F-A63C0F97C79E}.Release|Any CPU.Build.0 = Release|Any CPU
		{994204C7-2D5E-479E-BFFA-8E64550B4466}.Debug|Any CPU.ActiveCfg = Debug|Any CPU
		{994204C7-2D5E-479E-BFFA-8E64550B4466}.Debug|Any CPU.Build.0 = Debug|Any CPU
		{994204C7-2D5E-479E-BFFA-8E64550B4466}.Release|Any CPU.ActiveCfg = Release|Any CPU
		{994204C7-2D5E-479E-BFFA-8E64550B4466}.Release|Any CPU.Build.0 = Release|Any CPU
		{B7AF3AC5-2164-45F7-A91E-B45A131B2EDF}.Debug|Any CPU.ActiveCfg = Debug|Any CPU
		{B7AF3AC5-2164-45F7-A91E-B45A131B2EDF}.Debug|Any CPU.Build.0 = Debug|Any CPU
		{B7AF3AC5-2164-45F7-A91E-B45A131B2EDF}.Release|Any CPU.ActiveCfg = Release|Any CPU
		{B7AF3AC5-2164-45F7-A91E-B45A131B2EDF}.Release|Any CPU.Build.0 = Release|Any CPU
		{4B617F98-D379-4055-B9F1-565E1BC25709}.Debug|Any CPU.ActiveCfg = Debug|Any CPU
		{4B617F98-D379-4055-B9F1-565E1BC25709}.Debug|Any CPU.Build.0 = Debug|Any CPU
		{4B617F98-D379-4055-B9F1-565E1BC25709}.Release|Any CPU.ActiveCfg = Release|Any CPU
		{4B617F98-D379-4055-B9F1-565E1BC25709}.Release|Any CPU.Build.0 = Release|Any CPU
	EndGlobalSection
	GlobalSection(SolutionProperties) = preSolution
		HideSolutionNode = FALSE
	EndGlobalSection
	GlobalSection(ExtensibilityGlobals) = postSolution
		SolutionGuid = {6B1F4A3C-39E6-40B7-B0DC-B5D91D228635}
	EndGlobalSection
EndGlobal
